
Microsoft Visual Studio Solution File, Format Version 12.00
# Visual Studio Version 17
VisualStudioVersion = 17.5.002.0
MinimumVisualStudioVersion = 10.0.40219.1
Project("{2150E333-8FDC-42A3-9474-1A3956D46DE8}") = "problems", "problems", "{0FAF8E03-F9F5-405A-863C-913FBBCB34FD}"
EndProject
Project("{2150E333-8FDC-42A3-9474-1A3956D46DE8}") = "2022", "2022", "{68F381DC-6B7F-4E1B-9B12-8E8F84286E42}"
EndProject
Project("{9A19103F-16F7-4668-BE54-9A1E7A4F7556}") = "day1", "problems\2022\day1\day1.csproj", "{D4F1393C-4135-424E-9280-5578D62CD6A4}"
EndProject
Project("{9A19103F-16F7-4668-BE54-9A1E7A4F7556}") = "day10", "problems\2022\day10\day10.csproj", "{EA73FB1A-6B77-4FC3-8459-CEBE8B6B92F7}"
EndProject
Project("{9A19103F-16F7-4668-BE54-9A1E7A4F7556}") = "day2", "problems\2022\day2\day2.csproj", "{8E55601C-E160-447A-B311-054BD65E1A97}"
EndProject
Project("{9A19103F-16F7-4668-BE54-9A1E7A4F7556}") = "day3", "problems\2022\day3\day3.csproj", "{68207EA9-BD01-4801-B0CE-349C4CD1D898}"
EndProject
Project("{9A19103F-16F7-4668-BE54-9A1E7A4F7556}") = "day8", "problems\2022\day8\day8.csproj", "{63701E95-F4BB-4D84-9C9A-E12151530F63}"
EndProject
Project("{9A19103F-16F7-4668-BE54-9A1E7A4F7556}") = "day9", "problems\2022\day9\day9.csproj", "{204AB9E3-7CBD-48B5-B2E7-545AEA39FAC3}"
EndProject
Project("{2150E333-8FDC-42A3-9474-1A3956D46DE8}") = "2024", "2024", "{E0F7E032-56CF-488A-AD4F-D9E863C5ADF0}"
EndProject
Project("{FAE04EC0-301F-11D3-BF4B-00C04F79EFBC}") = "day1", "problems\2024\day1\day1.csproj", "{088B04A2-226C-463B-B2C8-E6860F7D1E53}"
EndProject
Project("{FAE04EC0-301F-11D3-BF4B-00C04F79EFBC}") = "day2", "problems\2024\day2\day2.csproj", "{4432283D-FF1B-4EB8-AB67-401F6FB6AF48}"
EndProject
Project("{FAE04EC0-301F-11D3-BF4B-00C04F79EFBC}") = "day4", "problems\2024\day4\day4.csproj", "{BC50A8EA-0F1C-40C8-9077-09C28B989A61}"
EndProject
Global
	GlobalSection(SolutionConfigurationPlatforms) = preSolution
		Debug|Any CPU = Debug|Any CPU
		Release|Any CPU = Release|Any CPU
	EndGlobalSection
	GlobalSection(ProjectConfigurationPlatforms) = postSolution
		{D4F1393C-4135-424E-9280-5578D62CD6A4}.Debug|Any CPU.ActiveCfg = Debug|Any CPU
		{D4F1393C-4135-424E-9280-5578D62CD6A4}.Debug|Any CPU.Build.0 = Debug|Any CPU
		{D4F1393C-4135-424E-9280-5578D62CD6A4}.Release|Any CPU.ActiveCfg = Release|Any CPU
		{D4F1393C-4135-424E-9280-5578D62CD6A4}.Release|Any CPU.Build.0 = Release|Any CPU
		{EA73FB1A-6B77-4FC3-8459-CEBE8B6B92F7}.Debug|Any CPU.ActiveCfg = Debug|Any CPU
		{EA73FB1A-6B77-4FC3-8459-CEBE8B6B92F7}.Debug|Any CPU.Build.0 = Debug|Any CPU
		{EA73FB1A-6B77-4FC3-8459-CEBE8B6B92F7}.Release|Any CPU.ActiveCfg = Release|Any CPU
		{EA73FB1A-6B77-4FC3-8459-CEBE8B6B92F7}.Release|Any CPU.Build.0 = Release|Any CPU
		{8E55601C-E160-447A-B311-054BD65E1A97}.Debug|Any CPU.ActiveCfg = Debug|Any CPU
		{8E55601C-E160-447A-B311-054BD65E1A97}.Debug|Any CPU.Build.0 = Debug|Any CPU
		{8E55601C-E160-447A-B311-054BD65E1A97}.Release|Any CPU.ActiveCfg = Release|Any CPU
		{8E55601C-E160-447A-B311-054BD65E1A97}.Release|Any CPU.Build.0 = Release|Any CPU
		{68207EA9-BD01-4801-B0CE-349C4CD1D898}.Debug|Any CPU.ActiveCfg = Debug|Any CPU
		{68207EA9-BD01-4801-B0CE-349C4CD1D898}.Debug|Any CPU.Build.0 = Debug|Any CPU
		{68207EA9-BD01-4801-B0CE-349C4CD1D898}.Release|Any CPU.ActiveCfg = Release|Any CPU
		{68207EA9-BD01-4801-B0CE-349C4CD1D898}.Release|Any CPU.Build.0 = Release|Any CPU
		{63701E95-F4BB-4D84-9C9A-E12151530F63}.Debug|Any CPU.ActiveCfg = Debug|Any CPU
		{63701E95-F4BB-4D84-9C9A-E12151530F63}.Debug|Any CPU.Build.0 = Debug|Any CPU
		{63701E95-F4BB-4D84-9C9A-E12151530F63}.Release|Any CPU.ActiveCfg = Release|Any CPU
		{63701E95-F4BB-4D84-9C9A-E12151530F63}.Release|Any CPU.Build.0 = Release|Any CPU
		{204AB9E3-7CBD-48B5-B2E7-545AEA39FAC3}.Debug|Any CPU.ActiveCfg = Debug|Any CPU
		{204AB9E3-7CBD-48B5-B2E7-545AEA39FAC3}.Debug|Any CPU.Build.0 = Debug|Any CPU
		{204AB9E3-7CBD-48B5-B2E7-545AEA39FAC3}.Release|Any CPU.ActiveCfg = Release|Any CPU
		{204AB9E3-7CBD-48B5-B2E7-545AEA39FAC3}.Release|Any CPU.Build.0 = Release|Any CPU
		{088B04A2-226C-463B-B2C8-E6860F7D1E53}.Debug|Any CPU.ActiveCfg = Debug|Any CPU
		{088B04A2-226C-463B-B2C8-E6860F7D1E53}.Debug|Any CPU.Build.0 = Debug|Any CPU
		{088B04A2-226C-463B-B2C8-E6860F7D1E53}.Release|Any CPU.ActiveCfg = Release|Any CPU
		{088B04A2-226C-463B-B2C8-E6860F7D1E53}.Release|Any CPU.Build.0 = Release|Any CPU
		{4432283D-FF1B-4EB8-AB67-401F6FB6AF48}.Debug|Any CPU.ActiveCfg = Debug|Any CPU
		{4432283D-FF1B-4EB8-AB67-401F6FB6AF48}.Debug|Any CPU.Build.0 = Debug|Any CPU
		{4432283D-FF1B-4EB8-AB67-401F6FB6AF48}.Release|Any CPU.ActiveCfg = Release|Any CPU
		{4432283D-FF1B-4EB8-AB67-401F6FB6AF48}.Release|Any CPU.Build.0 = Release|Any CPU
		{BC50A8EA-0F1C-40C8-9077-09C28B989A61}.Debug|Any CPU.ActiveCfg = Debug|Any CPU
		{BC50A8EA-0F1C-40C8-9077-09C28B989A61}.Debug|Any CPU.Build.0 = Debug|Any CPU
		{BC50A8EA-0F1C-40C8-9077-09C28B989A61}.Release|Any CPU.ActiveCfg = Release|Any CPU
		{BC50A8EA-0F1C-40C8-9077-09C28B989A61}.Release|Any CPU.Build.0 = Release|Any CPU
	EndGlobalSection
	GlobalSection(SolutionProperties) = preSolution
		HideSolutionNode = FALSE
	EndGlobalSection
	GlobalSection(NestedProjects) = preSolution
		{68F381DC-6B7F-4E1B-9B12-8E8F84286E42} = {0FAF8E03-F9F5-405A-863C-913FBBCB34FD}
		{D4F1393C-4135-424E-9280-5578D62CD6A4} = {68F381DC-6B7F-4E1B-9B12-8E8F84286E42}
		{EA73FB1A-6B77-4FC3-8459-CEBE8B6B92F7} = {68F381DC-6B7F-4E1B-9B12-8E8F84286E42}
		{8E55601C-E160-447A-B311-054BD65E1A97} = {68F381DC-6B7F-4E1B-9B12-8E8F84286E42}
		{68207EA9-BD01-4801-B0CE-349C4CD1D898} = {68F381DC-6B7F-4E1B-9B12-8E8F84286E42}
		{63701E95-F4BB-4D84-9C9A-E12151530F63} = {68F381DC-6B7F-4E1B-9B12-8E8F84286E42}
		{204AB9E3-7CBD-48B5-B2E7-545AEA39FAC3} = {68F381DC-6B7F-4E1B-9B12-8E8F84286E42}
		{E0F7E032-56CF-488A-AD4F-D9E863C5ADF0} = {0FAF8E03-F9F5-405A-863C-913FBBCB34FD}
		{088B04A2-226C-463B-B2C8-E6860F7D1E53} = {E0F7E032-56CF-488A-AD4F-D9E863C5ADF0}
		{4432283D-FF1B-4EB8-AB67-401F6FB6AF48} = {E0F7E032-56CF-488A-AD4F-D9E863C5ADF0}
		{BC50A8EA-0F1C-40C8-9077-09C28B989A61} = {E0F7E032-56CF-488A-AD4F-D9E863C5ADF0}
	EndGlobalSection
	GlobalSection(ExtensibilityGlobals) = postSolution
		SolutionGuid = {5943AD37-2E55-4B7B-8EF4-0025D33F6E95}
	EndGlobalSection
EndGlobal
